{
  "nodes": {
    "home-manager": {
      "inputs": {
        "nixpkgs": [
          "nixpkgs"
        ]
      },
      "locked": {
        "lastModified": 1695108154,
        "narHash": "sha256-gSg7UTVtls2yO9lKtP0yb66XBHT1Fx5qZSZbGMpSn2c=",
        "owner": "nix-community",
        "repo": "home-manager",
        "rev": "07682fff75d41f18327a871088d20af2710d4744",
        "type": "github"
      },
      "original": {
        "owner": "nix-community",
        "ref": "release-23.05",
        "repo": "home-manager",
        "type": "github"
      }
    },
    "nix-darwin": {
      "inputs": {
        "nixpkgs": [
          "nixpkgs-darwin"
        ]
      },
      "locked": {
        "lastModified": 1696043447,
        "narHash": "sha256-VbJ1dY5pVH2fX1bS+cT2+4+BYEk4lMHRP0+udu9G6tk=",
        "owner": "LnL7",
        "repo": "nix-darwin",
        "rev": "792c2e01347cb1b2e7ec84a1ef73453ca86537d8",
        "type": "github"
      },
      "original": {
        "owner": "LnL7",
        "ref": "master",
        "repo": "nix-darwin",
        "type": "github"
      }
    },
    "nixpkgs": {
      "locked": {
        "lastModified": 1696039360,
        "narHash": "sha256-g7nIUV4uq1TOVeVIDEZLb005suTWCUjSY0zYOlSBsyE=",
        "owner": "nixos",
        "repo": "nixpkgs",
        "rev": "32dcb45f66c0487e92db8303a798ebc548cadedc",
        "type": "github"
      },
      "original": {
        "owner": "nixos",
        "ref": "nixos-23.05",
        "repo": "nixpkgs",
        "type": "github"
      }
    },
    "nixpkgs-darwin": {
      "locked": {
        "lastModified": 1696275639,
        "narHash": "sha256-3zShVFShYM2/n4p3Y2hzTzIE0zjR6/G1sDXo4awMR/w=",
        "owner": "nixos",
        "repo": "nixpkgs",
        "rev": "cb1f8c37d44052b9fd2b6bd208ec4dbbe068cced",
        "type": "github"
      },
      "original": {
        "owner": "nixos",
        "ref": "nixpkgs-23.05-darwin",
        "repo": "nixpkgs",
        "type": "github"
      }
    },
    "root": {
      "inputs": {
        "home-manager": "home-manager",
        "nix-darwin": "nix-darwin",
        "nixpkgs": "nixpkgs",
        "nixpkgs-darwin": "nixpkgs-darwin"
      }
    }
  },
  "root": "root",
  "version": 7
}
